
Microsoft Visual Studio Solution File, Format Version 12.00
# Visual Studio 15
VisualStudioVersion = 15.0.28307.1913
MinimumVisualStudioVersion = 10.0.40219.1
Project("{FAE04EC0-301F-11D3-BF4B-00C04F79EFBC}") = "CoStudying", "CoStudying\CoStudying.csproj", "{436B3847-6D59-4EC9-B383-10EFEDF3DEF5}"
EndProject
Global
	GlobalSection(SolutionConfigurationPlatforms) = preSolution
		Debug|Any CPU = Debug|Any CPU
		Release|Any CPU = Release|Any CPU
	EndGlobalSection
	GlobalSection(ProjectConfigurationPlatforms) = postSolution
		{436B3847-6D59-4EC9-B383-10EFEDF3DEF5}.Debug|Any CPU.ActiveCfg = Debug|Any CPU
		{436B3847-6D59-4EC9-B383-10EFEDF3DEF5}.Debug|Any CPU.Build.0 = Debug|Any CPU
		{436B3847-6D59-4EC9-B383-10EFEDF3DEF5}.Release|Any CPU.ActiveCfg = Release|Any CPU
		{436B3847-6D59-4EC9-B383-10EFEDF3DEF5}.Release|Any CPU.Build.0 = Release|Any CPU
	EndGlobalSection
	GlobalSection(SolutionProperties) = preSolution
		HideSolutionNode = FALSE
	EndGlobalSection
	GlobalSection(ExtensibilityGlobals) = postSolution
		SolutionGuid = {622FD363-207D-4B4F-9FF8-0CA35E7084E2}
	EndGlobalSection
EndGlobal
